
Microsoft Visual Studio Solution File, Format Version 12.00
# Visual Studio Version 17
VisualStudioVersion = 17.0.32112.339
MinimumVisualStudioVersion = 10.0.40219.1
Project("{FAE04EC0-301F-11D3-BF4B-00C04F79EFBC}") = "UnitTestProject", "UnitTestProject\UnitTestProject.csproj", "{530882C7-863E-4BD7-9038-5DF467CAE12C}"
EndProject
Project("{FAE04EC0-301F-11D3-BF4B-00C04F79EFBC}") = "ConsoleApplication", "ConsoleApplication\ConsoleApplication.csproj", "{9C27F725-751E-4492-99BE-357E12E519A3}"
EndProject
Global
	GlobalSection(SolutionConfigurationPlatforms) = preSolution
		Debug|Any CPU = Debug|Any CPU
		Release|Any CPU = Release|Any CPU
	EndGlobalSection
	GlobalSection(ProjectConfigurationPlatforms) = postSolution
		{530882C7-863E-4BD7-9038-5DF467CAE12C}.Debug|Any CPU.ActiveCfg = Debug|Any CPU
		{530882C7-863E-4BD7-9038-5DF467CAE12C}.Debug|Any CPU.Build.0 = Debug|Any CPU
		{530882C7-863E-4BD7-9038-5DF467CAE12C}.Release|Any CPU.ActiveCfg = Release|Any CPU
		{530882C7-863E-4BD7-9038-5DF467CAE12C}.Release|Any CPU.Build.0 = Release|Any CPU
		{9C27F725-751E-4492-99BE-357E12E519A3}.Debug|Any CPU.ActiveCfg = Debug|Any CPU
		{9C27F725-751E-4492-99BE-357E12E519A3}.Debug|Any CPU.Build.0 = Debug|Any CPU
		{9C27F725-751E-4492-99BE-357E12E519A3}.Release|Any CPU.ActiveCfg = Release|Any CPU
		{9C27F725-751E-4492-99BE-357E12E519A3}.Release|Any CPU.Build.0 = Release|Any CPU
	EndGlobalSection
	GlobalSection(SolutionProperties) = preSolution
		HideSolutionNode = FALSE
	EndGlobalSection
	GlobalSection(ExtensibilityGlobals) = postSolution
		SolutionGuid = {F4EA8194-75C2-4159-B8A5-7E480908182A}
	EndGlobalSection
EndGlobal
